// !$*UTF8*$!
{
	archiveVersion = 1;
	classes = {
	};
	objectVersion = 70;
	objects = {

/* Begin PBXBuildFile section */
		13B07FBF1A68108700A75B9A /* Images.xcassets in Resources */ = {isa = PBXBuildFile; fileRef = 13B07FB51A68108700A75B9A /* Images.xcassets */; };
		3E461D99554A48A4959DE609 /* SplashScreen.storyboard in Resources */ = {isa = PBXBuildFile; fileRef = AA286B85B6C04FC6940260E9 /* SplashScreen.storyboard */; };
		654601C95D33101C07F848C4 /* PrivacyInfo.xcprivacy in Resources */ = {isa = PBXBuildFile; fileRef = C8CC348A1303067C800DDBD2 /* PrivacyInfo.xcprivacy */; };
		8474946466EDAE3FB9D477A8 /* ExpoModulesProvider.swift in Sources */ = {isa = PBXBuildFile; fileRef = EDE5EA72911D03B32E18A23E /* ExpoModulesProvider.swift */; };
		B085950C2E659EB500D7864D /* ShareMedia.appex in Embed Foundation Extensions */ = {isa = PBXBuildFile; fileRef = B08595022E659EB500D7864D /* ShareMedia.appex */; settings = {ATTRIBUTES = (RemoveHeadersOnCopy, ); }; };
		BB2F792D24A3F905000567C9 /* Expo.plist in Resources */ = {isa = PBXBuildFile; fileRef = BB2F792C24A3F905000567C9 /* Expo.plist */; };
		DAA51632C4B6D09B38B4FC35 /* libPods-Blue10.a in Frameworks */ = {isa = PBXBuildFile; fileRef = 7CD2DF39A8F4DCEB4C192781 /* libPods-Blue10.a */; };
		F11748422D0307B40044C1D9 /* AppDelegate.swift in Sources */ = {isa = PBXBuildFile; fileRef = F11748412D0307B40044C1D9 /* AppDelegate.swift */; };
/* End PBXBuildFile section */

/* Begin PBXContainerItemProxy section */
		B085950A2E659EB500D7864D /* PBXContainerItemProxy */ = {
			isa = PBXContainerItemProxy;
			containerPortal = 83CBB9F71A601CBA00E9B192 /* Project object */;
			proxyType = 1;
			remoteGlobalIDString = B08595012E659EB500D7864D;
			remoteInfo = ShareMedia;
		};
/* End PBXContainerItemProxy section */

/* Begin PBXCopyFilesBuildPhase section */
		B085950D2E659EB500D7864D /* Embed Foundation Extensions */ = {
			isa = PBXCopyFilesBuildPhase;
			buildActionMask = 2147483647;
			dstPath = "";
			dstSubfolderSpec = 13;
			files = (
				B085950C2E659EB500D7864D /* ShareMedia.appex in Embed Foundation Extensions */,
			);
			name = "Embed Foundation Extensions";
			runOnlyForDeploymentPostprocessing = 0;
		};
/* End PBXCopyFilesBuildPhase section */

/* Begin PBXFileReference section */
		13B07F961A680F5B00A75B9A /* Blue10.app */ = {isa = PBXFileReference; explicitFileType = wrapper.application; includeInIndex = 0; path = Blue10.app; sourceTree = BUILT_PRODUCTS_DIR; };
		13B07FB51A68108700A75B9A /* Images.xcassets */ = {isa = PBXFileReference; lastKnownFileType = folder.assetcatalog; name = Images.xcassets; path = Blue10/Images.xcassets; sourceTree = "<group>"; };
		13B07FB61A68108700A75B9A /* Info.plist */ = {isa = PBXFileReference; fileEncoding = 4; lastKnownFileType = text.plist.xml; name = Info.plist; path = Blue10/Info.plist; sourceTree = "<group>"; };
		7CD2DF39A8F4DCEB4C192781 /* libPods-Blue10.a */ = {isa = PBXFileReference; explicitFileType = archive.ar; includeInIndex = 0; path = "libPods-Blue10.a"; sourceTree = BUILT_PRODUCTS_DIR; };
		AA286B85B6C04FC6940260E9 /* SplashScreen.storyboard */ = {isa = PBXFileReference; fileEncoding = 4; lastKnownFileType = file.storyboard; name = SplashScreen.storyboard; path = Blue10/SplashScreen.storyboard; sourceTree = "<group>"; };
		B08595022E659EB500D7864D /* ShareMedia.appex */ = {isa = PBXFileReference; explicitFileType = "wrapper.app-extension"; includeInIndex = 0; path = ShareMedia.appex; sourceTree = BUILT_PRODUCTS_DIR; };
		BB2F792C24A3F905000567C9 /* Expo.plist */ = {isa = PBXFileReference; fileEncoding = 4; lastKnownFileType = text.plist.xml; path = Expo.plist; sourceTree = "<group>"; };
		BDE3758C17E6CBA8BC5EB04E /* Pods-Blue10.debug.xcconfig */ = {isa = PBXFileReference; includeInIndex = 1; lastKnownFileType = text.xcconfig; name = "Pods-Blue10.debug.xcconfig"; path = "Target Support Files/Pods-Blue10/Pods-Blue10.debug.xcconfig"; sourceTree = "<group>"; };
		C8CC348A1303067C800DDBD2 /* PrivacyInfo.xcprivacy */ = {isa = PBXFileReference; includeInIndex = 1; lastKnownFileType = text.xml; name = PrivacyInfo.xcprivacy; path = Blue10/PrivacyInfo.xcprivacy; sourceTree = "<group>"; };
		ED297162215061F000B7C4FE /* JavaScriptCore.framework */ = {isa = PBXFileReference; lastKnownFileType = wrapper.framework; name = JavaScriptCore.framework; path = System/Library/Frameworks/JavaScriptCore.framework; sourceTree = SDKROOT; };
		EDE5EA72911D03B32E18A23E /* ExpoModulesProvider.swift */ = {isa = PBXFileReference; includeInIndex = 1; lastKnownFileType = sourcecode.swift; name = ExpoModulesProvider.swift; path = "Pods/Target Support Files/Pods-Blue10/ExpoModulesProvider.swift"; sourceTree = "<group>"; };
		EF4FFB9570F10EFBC9B43C3E /* Pods-Blue10.release.xcconfig */ = {isa = PBXFileReference; includeInIndex = 1; lastKnownFileType = text.xcconfig; name = "Pods-Blue10.release.xcconfig"; path = "Target Support Files/Pods-Blue10/Pods-Blue10.release.xcconfig"; sourceTree = "<group>"; };
		F11748412D0307B40044C1D9 /* AppDelegate.swift */ = {isa = PBXFileReference; lastKnownFileType = sourcecode.swift; name = AppDelegate.swift; path = Blue10/AppDelegate.swift; sourceTree = "<group>"; };
		F11748442D0722820044C1D9 /* Blue10-Bridging-Header.h */ = {isa = PBXFileReference; lastKnownFileType = sourcecode.c.h; name = "Blue10-Bridging-Header.h"; path = "Blue10/Blue10-Bridging-Header.h"; sourceTree = "<group>"; };
/* End PBXFileReference section */

/* Begin PBXFileSystemSynchronizedBuildFileExceptionSet section */
		B08595102E659EB500D7864D /* PBXFileSystemSynchronizedBuildFileExceptionSet */ = {
			isa = PBXFileSystemSynchronizedBuildFileExceptionSet;
			membershipExceptions = (
				Info.plist,
			);
			target = B08595012E659EB500D7864D /* ShareMedia */;
		};
/* End PBXFileSystemSynchronizedBuildFileExceptionSet section */

/* Begin PBXFileSystemSynchronizedRootGroup section */
		B08595032E659EB500D7864D /* ShareMedia */ = {isa = PBXFileSystemSynchronizedRootGroup; exceptions = (B08595102E659EB500D7864D /* PBXFileSystemSynchronizedBuildFileExceptionSet */, ); explicitFileTypes = {}; explicitFolders = (); path = ShareMedia; sourceTree = "<group>"; };
/* End PBXFileSystemSynchronizedRootGroup section */

/* Begin PBXFrameworksBuildPhase section */
		13B07F8C1A680F5B00A75B9A /* Frameworks */ = {
			isa = PBXFrameworksBuildPhase;
			buildActionMask = 2147483647;
			files = (
				DAA51632C4B6D09B38B4FC35 /* libPods-Blue10.a in Frameworks */,
			);
			runOnlyForDeploymentPostprocessing = 0;
		};
		B08594FF2E659EB500D7864D /* Frameworks */ = {
			isa = PBXFrameworksBuildPhase;
			buildActionMask = 2147483647;
			files = (
			);
			runOnlyForDeploymentPostprocessing = 0;
		};
/* End PBXFrameworksBuildPhase section */

/* Begin PBXGroup section */
		13B07FAE1A68108700A75B9A /* Blue10 */ = {
			isa = PBXGroup;
			children = (
				F11748412D0307B40044C1D9 /* AppDelegate.swift */,
				F11748442D0722820044C1D9 /* Blue10-Bridging-Header.h */,
				BB2F792B24A3F905000567C9 /* Supporting */,
				13B07FB51A68108700A75B9A /* Images.xcassets */,
				13B07FB61A68108700A75B9A /* Info.plist */,
				AA286B85B6C04FC6940260E9 /* SplashScreen.storyboard */,
				C8CC348A1303067C800DDBD2 /* PrivacyInfo.xcprivacy */,
			);
			name = Blue10;
			sourceTree = "<group>";
		};
		2D16E6871FA4F8E400B85C8A /* Frameworks */ = {
			isa = PBXGroup;
			children = (
				ED297162215061F000B7C4FE /* JavaScriptCore.framework */,
				7CD2DF39A8F4DCEB4C192781 /* libPods-Blue10.a */,
			);
			name = Frameworks;
			sourceTree = "<group>";
		};
		32D5232725421B6543163B63 /* ExpoModulesProviders */ = {
			isa = PBXGroup;
			children = (
				6D34A84C90A42207A48EED0C /* Blue10 */,
			);
			name = ExpoModulesProviders;
			sourceTree = "<group>";
		};
		44BECFDE7C7D4F71043A0963 /* Pods */ = {
			isa = PBXGroup;
			children = (
				BDE3758C17E6CBA8BC5EB04E /* Pods-Blue10.debug.xcconfig */,
				EF4FFB9570F10EFBC9B43C3E /* Pods-Blue10.release.xcconfig */,
			);
			path = Pods;
			sourceTree = "<group>";
		};
		6D34A84C90A42207A48EED0C /* Blue10 */ = {
			isa = PBXGroup;
			children = (
				EDE5EA72911D03B32E18A23E /* ExpoModulesProvider.swift */,
			);
			name = Blue10;
			sourceTree = "<group>";
		};
		832341AE1AAA6A7D00B99B32 /* Libraries */ = {
			isa = PBXGroup;
			children = (
			);
			name = Libraries;
			sourceTree = "<group>";
		};
		83CBB9F61A601CBA00E9B192 = {
			isa = PBXGroup;
			children = (
				13B07FAE1A68108700A75B9A /* Blue10 */,
				832341AE1AAA6A7D00B99B32 /* Libraries */,
				B08595032E659EB500D7864D /* ShareMedia */,
				83CBBA001A601CBA00E9B192 /* Products */,
				2D16E6871FA4F8E400B85C8A /* Frameworks */,
				44BECFDE7C7D4F71043A0963 /* Pods */,
				32D5232725421B6543163B63 /* ExpoModulesProviders */,
			);
			indentWidth = 2;
			sourceTree = "<group>";
			tabWidth = 2;
			usesTabs = 0;
		};
		83CBBA001A601CBA00E9B192 /* Products */ = {
			isa = PBXGroup;
			children = (
				13B07F961A680F5B00A75B9A /* Blue10.app */,
				B08595022E659EB500D7864D /* ShareMedia.appex */,
			);
			name = Products;
			sourceTree = "<group>";
		};
		BB2F792B24A3F905000567C9 /* Supporting */ = {
			isa = PBXGroup;
			children = (
				BB2F792C24A3F905000567C9 /* Expo.plist */,
			);
			name = Supporting;
			path = Blue10/Supporting;
			sourceTree = "<group>";
		};
/* End PBXGroup section */

/* Begin PBXNativeTarget section */
		13B07F861A680F5B00A75B9A /* Blue10 */ = {
			isa = PBXNativeTarget;
			buildConfigurationList = 13B07F931A680F5B00A75B9A /* Build configuration list for PBXNativeTarget "Blue10" */;
			buildPhases = (
				08A4A3CD28434E44B6B9DE2E /* [CP] Check Pods Manifest.lock */,
				C7E463EC91ED1BA2B52A10D9 /* [Expo] Configure project */,
				13B07F871A680F5B00A75B9A /* Sources */,
				13B07F8C1A680F5B00A75B9A /* Frameworks */,
				13B07F8E1A680F5B00A75B9A /* Resources */,
				00DD1BFF1BD5951E006B06BC /* Bundle React Native code and images */,
				800E24972A6A228C8D4807E9 /* [CP] Copy Pods Resources */,
				F1EB61B2179D7E50738A9630 /* [CP] Embed Pods Frameworks */,
				B085950D2E659EB500D7864D /* Embed Foundation Extensions */,
			);
			buildRules = (
			);
			dependencies = (
				B085950B2E659EB500D7864D /* PBXTargetDependency */,
			);
			name = Blue10;
			productName = Blue10;
			productReference = 13B07F961A680F5B00A75B9A /* Blue10.app */;
			productType = "com.apple.product-type.application";
		};
		B08595012E659EB500D7864D /* ShareMedia */ = {
			isa = PBXNativeTarget;
			buildConfigurationList = B08595112E659EB500D7864D /* Build configuration list for PBXNativeTarget "ShareMedia" */;
			buildPhases = (
				B08594FE2E659EB500D7864D /* Sources */,
				B08594FF2E659EB500D7864D /* Frameworks */,
				B08595002E659EB500D7864D /* Resources */,
			);
			buildRules = (
			);
			dependencies = (
			);
			fileSystemSynchronizedGroups = (
				B08595032E659EB500D7864D /* ShareMedia */,
			);
			name = ShareMedia;
			packageProductDependencies = (
			);
			productName = ShareMedia;
			productReference = B08595022E659EB500D7864D /* ShareMedia.appex */;
			productType = "com.apple.product-type.app-extension";
		};
/* End PBXNativeTarget section */

/* Begin PBXProject section */
		83CBB9F71A601CBA00E9B192 /* Project object */ = {
			isa = PBXProject;
			attributes = {
				LastSwiftUpdateCheck = 1640;
				LastUpgradeCheck = 1130;
				TargetAttributes = {
					13B07F861A680F5B00A75B9A = {
						DevelopmentTeam = 2742HV9XT2;
						LastSwiftMigration = 1250;
						ProvisioningStyle = Automatic;
					};
					B08595012E659EB500D7864D = {
						CreatedOnToolsVersion = 16.4;
					};
				};
			};
			buildConfigurationList = 83CBB9FA1A601CBA00E9B192 /* Build configuration list for PBXProject "Blue10" */;
			compatibilityVersion = "Xcode 3.2";
			developmentRegion = en;
			hasScannedForEncodings = 0;
			knownRegions = (
				en,
				Base,
			);
			mainGroup = 83CBB9F61A601CBA00E9B192;
			productRefGroup = 83CBBA001A601CBA00E9B192 /* Products */;
			projectDirPath = "";
			projectRoot = "";
			targets = (
				13B07F861A680F5B00A75B9A /* Blue10 */,
				B08595012E659EB500D7864D /* ShareMedia */,
			);
		};
/* End PBXProject section */

/* Begin PBXResourcesBuildPhase section */
		13B07F8E1A680F5B00A75B9A /* Resources */ = {
			isa = PBXResourcesBuildPhase;
			buildActionMask = 2147483647;
			files = (
				BB2F792D24A3F905000567C9 /* Expo.plist in Resources */,
				13B07FBF1A68108700A75B9A /* Images.xcassets in Resources */,
				3E461D99554A48A4959DE609 /* SplashScreen.storyboard in Resources */,
				654601C95D33101C07F848C4 /* PrivacyInfo.xcprivacy in Resources */,
			);
			runOnlyForDeploymentPostprocessing = 0;
		};
		B08595002E659EB500D7864D /* Resources */ = {
			isa = PBXResourcesBuildPhase;
			buildActionMask = 2147483647;
			files = (
			);
			runOnlyForDeploymentPostprocessing = 0;
		};
/* End PBXResourcesBuildPhase section */

/* Begin PBXShellScriptBuildPhase section */
		00DD1BFF1BD5951E006B06BC /* Bundle React Native code and images */ = {
			isa = PBXShellScriptBuildPhase;
			alwaysOutOfDate = 1;
			buildActionMask = 2147483647;
			files = (
			);
			inputPaths = (
			);
			name = "Bundle React Native code and images";
			outputPaths = (
			);
			runOnlyForDeploymentPostprocessing = 0;
			shellPath = /bin/sh;
			shellScript = "if [[ -f \"$PODS_ROOT/../.xcode.env\" ]]; then\n  source \"$PODS_ROOT/../.xcode.env\"\nfi\nif [[ -f \"$PODS_ROOT/../.xcode.env.local\" ]]; then\n  source \"$PODS_ROOT/../.xcode.env.local\"\nfi\n\n# The project root by default is one level up from the ios directory\nexport PROJECT_ROOT=\"$PROJECT_DIR\"/..\n\nif [[ \"$CONFIGURATION\" = *Debug* ]]; then\n  export SKIP_BUNDLING=1\nfi\nif [[ -z \"$ENTRY_FILE\" ]]; then\n  # Set the entry JS file using the bundler's entry resolution.\n  export ENTRY_FILE=\"$(\"$NODE_BINARY\" -e \"require('expo/scripts/resolveAppEntry')\" \"$PROJECT_ROOT\" ios absolute | tail -n 1)\"\nfi\n\nif [[ -z \"$CLI_PATH\" ]]; then\n  # Use Expo CLI\n  export CLI_PATH=\"$(\"$NODE_BINARY\" --print \"require.resolve('@expo/cli', { paths: [require.resolve('expo/package.json')] })\")\"\nfi\nif [[ -z \"$BUNDLE_COMMAND\" ]]; then\n  # Default Expo CLI command for bundling\n  export BUNDLE_COMMAND=\"export:embed\"\nfi\n\n# Source .xcode.env.updates if it exists to allow\n# SKIP_BUNDLING to be unset if needed\nif [[ -f \"$PODS_ROOT/../.xcode.env.updates\" ]]; then\n  source \"$PODS_ROOT/../.xcode.env.updates\"\nfi\n# Source local changes to allow overrides\n# if needed\nif [[ -f \"$PODS_ROOT/../.xcode.env.local\" ]]; then\n  source \"$PODS_ROOT/../.xcode.env.local\"\nfi\n\n`\"$NODE_BINARY\" --print \"require('path').dirname(require.resolve('react-native/package.json')) + '/scripts/react-native-xcode.sh'\"`\n\n";
		};
		08A4A3CD28434E44B6B9DE2E /* [CP] Check Pods Manifest.lock */ = {
			isa = PBXShellScriptBuildPhase;
			buildActionMask = 2147483647;
			files = (
			);
			inputFileListPaths = (
			);
			inputPaths = (
				"${PODS_PODFILE_DIR_PATH}/Podfile.lock",
				"${PODS_ROOT}/Manifest.lock",
			);
			name = "[CP] Check Pods Manifest.lock";
			outputFileListPaths = (
			);
			outputPaths = (
				"$(DERIVED_FILE_DIR)/Pods-Blue10-checkManifestLockResult.txt",
			);
			runOnlyForDeploymentPostprocessing = 0;
			shellPath = /bin/sh;
			shellScript = "diff \"${PODS_PODFILE_DIR_PATH}/Podfile.lock\" \"${PODS_ROOT}/Manifest.lock\" > /dev/null\nif [ $? != 0 ] ; then\n    # print error to STDERR\n    echo \"error: The sandbox is not in sync with the Podfile.lock. Run 'pod install' or update your CocoaPods installation.\" >&2\n    exit 1\nfi\n# This output is used by Xcode 'outputs' to avoid re-running this script phase.\necho \"SUCCESS\" > \"${SCRIPT_OUTPUT_FILE_0}\"\n";
			showEnvVarsInLog = 0;
		};
		800E24972A6A228C8D4807E9 /* [CP] Copy Pods Resources */ = {
			isa = PBXShellScriptBuildPhase;
			buildActionMask = 2147483647;
			files = (
			);
			inputPaths = (
				"${PODS_ROOT}/Target Support Files/Pods-Blue10/Pods-Blue10-resources.sh",
				"${PODS_CONFIGURATION_BUILD_DIR}/EXApplication/ExpoApplication_privacy.bundle",
				"${PODS_CONFIGURATION_BUILD_DIR}/EXConstants/EXConstants.bundle",
				"${PODS_CONFIGURATION_BUILD_DIR}/EXConstants/ExpoConstants_privacy.bundle",
				"${PODS_CONFIGURATION_BUILD_DIR}/ExpoDevice/ExpoDevice_privacy.bundle",
				"${PODS_CONFIGURATION_BUILD_DIR}/ExpoFileSystem/ExpoFileSystem_privacy.bundle",
				"${PODS_CONFIGURATION_BUILD_DIR}/ExpoLocalization/ExpoLocalization_privacy.bundle",
				"${PODS_CONFIGURATION_BUILD_DIR}/ExpoMediaLibrary/ExpoMediaLibrary_privacy.bundle",
				"${PODS_CONFIGURATION_BUILD_DIR}/ExpoSystemUI/ExpoSystemUI_privacy.bundle",
				"${PODS_CONFIGURATION_BUILD_DIR}/RCT-Folly/RCT-Folly_privacy.bundle",
				"${PODS_CONFIGURATION_BUILD_DIR}/RNSVG/RNSVGFilters.bundle",
				"${PODS_CONFIGURATION_BUILD_DIR}/React-Core/React-Core_privacy.bundle",
				"${PODS_CONFIGURATION_BUILD_DIR}/React-cxxreact/React-cxxreact_privacy.bundle",
				"${PODS_CONFIGURATION_BUILD_DIR}/SDWebImage/SDWebImage.bundle",
				"${PODS_CONFIGURATION_BUILD_DIR}/Sentry/Sentry.bundle",
				"${PODS_CONFIGURATION_BUILD_DIR}/ZIPFoundation/ZIPFoundation_Privacy.bundle",
				"${PODS_CONFIGURATION_BUILD_DIR}/boost/boost_privacy.bundle",
				"${PODS_CONFIGURATION_BUILD_DIR}/expo-dev-launcher/EXDevLauncher.bundle",
				"${PODS_CONFIGURATION_BUILD_DIR}/expo-dev-menu/EXDevMenu.bundle",
				"${PODS_CONFIGURATION_BUILD_DIR}/glog/glog_privacy.bundle",
			);
			name = "[CP] Copy Pods Resources";
			outputPaths = (
				"${TARGET_BUILD_DIR}/${UNLOCALIZED_RESOURCES_FOLDER_PATH}/ExpoApplication_privacy.bundle",
				"${TARGET_BUILD_DIR}/${UNLOCALIZED_RESOURCES_FOLDER_PATH}/EXConstants.bundle",
				"${TARGET_BUILD_DIR}/${UNLOCALIZED_RESOURCES_FOLDER_PATH}/ExpoConstants_privacy.bundle",
				"${TARGET_BUILD_DIR}/${UNLOCALIZED_RESOURCES_FOLDER_PATH}/ExpoDevice_privacy.bundle",
				"${TARGET_BUILD_DIR}/${UNLOCALIZED_RESOURCES_FOLDER_PATH}/ExpoFileSystem_privacy.bundle",
				"${TARGET_BUILD_DIR}/${UNLOCALIZED_RESOURCES_FOLDER_PATH}/ExpoLocalization_privacy.bundle",
				"${TARGET_BUILD_DIR}/${UNLOCALIZED_RESOURCES_FOLDER_PATH}/ExpoMediaLibrary_privacy.bundle",
				"${TARGET_BUILD_DIR}/${UNLOCALIZED_RESOURCES_FOLDER_PATH}/ExpoSystemUI_privacy.bundle",
				"${TARGET_BUILD_DIR}/${UNLOCALIZED_RESOURCES_FOLDER_PATH}/RCT-Folly_privacy.bundle",
				"${TARGET_BUILD_DIR}/${UNLOCALIZED_RESOURCES_FOLDER_PATH}/RNSVGFilters.bundle",
				"${TARGET_BUILD_DIR}/${UNLOCALIZED_RESOURCES_FOLDER_PATH}/React-Core_privacy.bundle",
				"${TARGET_BUILD_DIR}/${UNLOCALIZED_RESOURCES_FOLDER_PATH}/React-cxxreact_privacy.bundle",
				"${TARGET_BUILD_DIR}/${UNLOCALIZED_RESOURCES_FOLDER_PATH}/SDWebImage.bundle",
				"${TARGET_BUILD_DIR}/${UNLOCALIZED_RESOURCES_FOLDER_PATH}/Sentry.bundle",
				"${TARGET_BUILD_DIR}/${UNLOCALIZED_RESOURCES_FOLDER_PATH}/ZIPFoundation_Privacy.bundle",
				"${TARGET_BUILD_DIR}/${UNLOCALIZED_RESOURCES_FOLDER_PATH}/boost_privacy.bundle",
				"${TARGET_BUILD_DIR}/${UNLOCALIZED_RESOURCES_FOLDER_PATH}/EXDevLauncher.bundle",
				"${TARGET_BUILD_DIR}/${UNLOCALIZED_RESOURCES_FOLDER_PATH}/EXDevMenu.bundle",
				"${TARGET_BUILD_DIR}/${UNLOCALIZED_RESOURCES_FOLDER_PATH}/glog_privacy.bundle",
			);
			runOnlyForDeploymentPostprocessing = 0;
			shellPath = /bin/sh;
			shellScript = "\"${PODS_ROOT}/Target Support Files/Pods-Blue10/Pods-Blue10-resources.sh\"\n";
			showEnvVarsInLog = 0;
		};
		C7E463EC91ED1BA2B52A10D9 /* [Expo] Configure project */ = {
			isa = PBXShellScriptBuildPhase;
			alwaysOutOfDate = 1;
			buildActionMask = 2147483647;
			files = (
			);
			inputFileListPaths = (
			);
			inputPaths = (
			);
			name = "[Expo] Configure project";
			outputFileListPaths = (
			);
			outputPaths = (
			);
			runOnlyForDeploymentPostprocessing = 0;
			shellPath = /bin/sh;
			shellScript = "# This script configures Expo modules and generates the modules provider file.\nbash -l -c \"./Pods/Target\\ Support\\ Files/Pods-Blue10/expo-configure-project.sh\"\n";
		};
		F1EB61B2179D7E50738A9630 /* [CP] Embed Pods Frameworks */ = {
			isa = PBXShellScriptBuildPhase;
			buildActionMask = 2147483647;
			files = (
			);
			inputPaths = (
				"${PODS_ROOT}/Target Support Files/Pods-Blue10/Pods-Blue10-frameworks.sh",
				"${PODS_XCFRAMEWORKS_BUILD_DIR}/hermes-engine/Pre-built/hermes.framework/hermes",
			);
			name = "[CP] Embed Pods Frameworks";
			outputPaths = (
				"${TARGET_BUILD_DIR}/${FRAMEWORKS_FOLDER_PATH}/hermes.framework",
			);
			runOnlyForDeploymentPostprocessing = 0;
			shellPath = /bin/sh;
			shellScript = "\"${PODS_ROOT}/Target Support Files/Pods-Blue10/Pods-Blue10-frameworks.sh\"\n";
			showEnvVarsInLog = 0;
		};
/* End PBXShellScriptBuildPhase section */

/* Begin PBXSourcesBuildPhase section */
		13B07F871A680F5B00A75B9A /* Sources */ = {
			isa = PBXSourcesBuildPhase;
			buildActionMask = 2147483647;
			files = (
				F11748422D0307B40044C1D9 /* AppDelegate.swift in Sources */,
				8474946466EDAE3FB9D477A8 /* ExpoModulesProvider.swift in Sources */,
			);
			runOnlyForDeploymentPostprocessing = 0;
		};
		B08594FE2E659EB500D7864D /* Sources */ = {
			isa = PBXSourcesBuildPhase;
			buildActionMask = 2147483647;
			files = (
			);
			runOnlyForDeploymentPostprocessing = 0;
		};
/* End PBXSourcesBuildPhase section */

/* Begin PBXTargetDependency section */
		B085950B2E659EB500D7864D /* PBXTargetDependency */ = {
			isa = PBXTargetDependency;
			target = B08595012E659EB500D7864D /* ShareMedia */;
			targetProxy = B085950A2E659EB500D7864D /* PBXContainerItemProxy */;
		};
/* End PBXTargetDependency section */

/* Begin XCBuildConfiguration section */
		13B07F941A680F5B00A75B9A /* Debug */ = {
			isa = XCBuildConfiguration;
			baseConfigurationReference = BDE3758C17E6CBA8BC5EB04E /* Pods-Blue10.debug.xcconfig */;
			buildSettings = {
				ASSETCATALOG_COMPILER_APPICON_NAME = AppIcon;
				CLANG_ENABLE_MODULES = YES;
				CODE_SIGN_ENTITLEMENTS = Blue10/Blue10.entitlements;
				CODE_SIGN_IDENTITY = "Apple Development";
				CODE_SIGN_STYLE = Automatic;
				CURRENT_PROJECT_VERSION = 1;
				DEVELOPMENT_TEAM = 2742HV9XT2;
				ENABLE_BITCODE = NO;
				GCC_PREPROCESSOR_DEFINITIONS = (
					"$(inherited)",
					"FB_SONARKIT_ENABLED=1",
				);
				INFOPLIST_FILE = Blue10/Info.plist;
				IPHONEOS_DEPLOYMENT_TARGET = 15.1;
				LD_RUNPATH_SEARCH_PATHS = (
					"$(inherited)",
					"@executable_path/Frameworks",
				);
				MARKETING_VERSION = 1.0;
				OTHER_LDFLAGS = (
					"$(inherited)",
					"-ObjC",
					"-lc++",
				);
				OTHER_SWIFT_FLAGS = "$(inherited) -D EXPO_CONFIGURATION_DEBUG";
				PRODUCT_BUNDLE_IDENTIFIER = com.blue10.Scanner;
				PRODUCT_NAME = Blue10;
				SWIFT_OBJC_BRIDGING_HEADER = "Blue10/Blue10-Bridging-Header.h";
				SWIFT_OPTIMIZATION_LEVEL = "-Onone";
				SWIFT_VERSION = 5.0;
				TARGETED_DEVICE_FAMILY = "1,2";
				VERSIONING_SYSTEM = "apple-generic";
			};
			name = Debug;
		};
		13B07F951A680F5B00A75B9A /* Release */ = {
			isa = XCBuildConfiguration;
			baseConfigurationReference = EF4FFB9570F10EFBC9B43C3E /* Pods-Blue10.release.xcconfig */;
			buildSettings = {
				ASSETCATALOG_COMPILER_APPICON_NAME = AppIcon;
				CLANG_ENABLE_MODULES = YES;
				CODE_SIGN_ENTITLEMENTS = Blue10/Blue10.entitlements;
				CODE_SIGN_IDENTITY = "Apple Development";
				CODE_SIGN_STYLE = Automatic;
				CURRENT_PROJECT_VERSION = 1;
				DEVELOPMENT_TEAM = 2742HV9XT2;
				INFOPLIST_FILE = Blue10/Info.plist;
				IPHONEOS_DEPLOYMENT_TARGET = 15.1;
				LD_RUNPATH_SEARCH_PATHS = (
					"$(inherited)",
					"@executable_path/Frameworks",
				);
				MARKETING_VERSION = 1.0;
				OTHER_LDFLAGS = (
					"$(inherited)",
					"-ObjC",
					"-lc++",
				);
				OTHER_SWIFT_FLAGS = "$(inherited) -D EXPO_CONFIGURATION_RELEASE";
				PRODUCT_BUNDLE_IDENTIFIER = com.blue10.Scanner;
				PRODUCT_NAME = Blue10;
				SWIFT_OBJC_BRIDGING_HEADER = "Blue10/Blue10-Bridging-Header.h";
				SWIFT_VERSION = 5.0;
				TARGETED_DEVICE_FAMILY = "1,2";
				VERSIONING_SYSTEM = "apple-generic";
			};
			name = Release;
		};
		83CBBA201A601CBA00E9B192 /* Debug */ = {
			isa = XCBuildConfiguration;
			buildSettings = {
				ALWAYS_SEARCH_USER_PATHS = NO;
				CLANG_ANALYZER_LOCALIZABILITY_NONLOCALIZED = YES;
				CLANG_CXX_LANGUAGE_STANDARD = "c++20";
				CLANG_CXX_LIBRARY = "libc++";
				CLANG_ENABLE_MODULES = YES;
				CLANG_ENABLE_OBJC_ARC = YES;
				CLANG_WARN_BLOCK_CAPTURE_AUTORELEASING = YES;
				CLANG_WARN_BOOL_CONVERSION = YES;
				CLANG_WARN_COMMA = YES;
				CLANG_WARN_CONSTANT_CONVERSION = YES;
				CLANG_WARN_DEPRECATED_OBJC_IMPLEMENTATIONS = YES;
				CLANG_WARN_DIRECT_OBJC_ISA_USAGE = YES_ERROR;
				CLANG_WARN_EMPTY_BODY = YES;
				CLANG_WARN_ENUM_CONVERSION = YES;
				CLANG_WARN_INFINITE_RECURSION = YES;
				CLANG_WARN_INT_CONVERSION = YES;
				CLANG_WARN_NON_LITERAL_NULL_CONVERSION = YES;
				CLANG_WARN_OBJC_IMPLICIT_RETAIN_SELF = YES;
				CLANG_WARN_OBJC_LITERAL_CONVERSION = YES;
				CLANG_WARN_OBJC_ROOT_CLASS = YES_ERROR;
				CLANG_WARN_RANGE_LOOP_ANALYSIS = YES;
				CLANG_WARN_STRICT_PROTOTYPES = YES;
				CLANG_WARN_SUSPICIOUS_MOVE = YES;
				CLANG_WARN_UNREACHABLE_CODE = YES;
				CLANG_WARN__DUPLICATE_METHOD_MATCH = YES;
				"CODE_SIGN_IDENTITY[sdk=iphoneos*]" = "iPhone Developer";
				COPY_PHASE_STRIP = NO;
				ENABLE_STRICT_OBJC_MSGSEND = YES;
				ENABLE_TESTABILITY = YES;
				GCC_C_LANGUAGE_STANDARD = gnu99;
				GCC_DYNAMIC_NO_PIC = NO;
				GCC_NO_COMMON_BLOCKS = YES;
				GCC_OPTIMIZATION_LEVEL = 0;
				GCC_PREPROCESSOR_DEFINITIONS = (
					"DEBUG=1",
					"$(inherited)",
				);
				GCC_SYMBOLS_PRIVATE_EXTERN = NO;
				GCC_WARN_64_TO_32_BIT_CONVERSION = YES;
				GCC_WARN_ABOUT_RETURN_TYPE = YES_ERROR;
				GCC_WARN_UNDECLARED_SELECTOR = YES;
				GCC_WARN_UNINITIALIZED_AUTOS = YES_AGGRESSIVE;
				GCC_WARN_UNUSED_FUNCTION = YES;
				GCC_WARN_UNUSED_VARIABLE = YES;
				IPHONEOS_DEPLOYMENT_TARGET = 15.1;
				LD_RUNPATH_SEARCH_PATHS = (
					/usr/lib/swift,
					"$(inherited)",
				);
				LIBRARY_SEARCH_PATHS = "$(SDKROOT)/usr/lib/swift\"$(inherited)\"";
				MTL_ENABLE_DEBUG_INFO = YES;
				ONLY_ACTIVE_ARCH = YES;
				OTHER_LDFLAGS = "$(inherited)  ";
				REACT_NATIVE_PATH = "${PODS_ROOT}/../../node_modules/react-native";
				SDKROOT = iphoneos;
				SWIFT_ACTIVE_COMPILATION_CONDITIONS = "$(inherited) DEBUG";
				USE_HERMES = true;
			};
			name = Debug;
		};
		83CBBA211A601CBA00E9B192 /* Release */ = {
			isa = XCBuildConfiguration;
			buildSettings = {
				ALWAYS_SEARCH_USER_PATHS = NO;
				CLANG_ANALYZER_LOCALIZABILITY_NONLOCALIZED = YES;
				CLANG_CXX_LANGUAGE_STANDARD = "c++20";
				CLANG_CXX_LIBRARY = "libc++";
				CLANG_ENABLE_MODULES = YES;
				CLANG_ENABLE_OBJC_ARC = YES;
				CLANG_WARN_BLOCK_CAPTURE_AUTORELEASING = YES;
				CLANG_WARN_BOOL_CONVERSION = YES;
				CLANG_WARN_COMMA = YES;
				CLANG_WARN_CONSTANT_CONVERSION = YES;
				CLANG_WARN_DEPRECATED_OBJC_IMPLEMENTATIONS = YES;
				CLANG_WARN_DIRECT_OBJC_ISA_USAGE = YES_ERROR;
				CLANG_WARN_EMPTY_BODY = YES;
				CLANG_WARN_ENUM_CONVERSION = YES;
				CLANG_WARN_INFINITE_RECURSION = YES;
				CLANG_WARN_INT_CONVERSION = YES;
				CLANG_WARN_NON_LITERAL_NULL_CONVERSION = YES;
				CLANG_WARN_OBJC_IMPLICIT_RETAIN_SELF = YES;
				CLANG_WARN_OBJC_LITERAL_CONVERSION = YES;
				CLANG_WARN_OBJC_ROOT_CLASS = YES_ERROR;
				CLANG_WARN_RANGE_LOOP_ANALYSIS = YES;
				CLANG_WARN_STRICT_PROTOTYPES = YES;
				CLANG_WARN_SUSPICIOUS_MOVE = YES;
				CLANG_WARN_UNREACHABLE_CODE = YES;
				CLANG_WARN__DUPLICATE_METHOD_MATCH = YES;
				"CODE_SIGN_IDENTITY[sdk=iphoneos*]" = "iPhone Developer";
				COPY_PHASE_STRIP = YES;
				ENABLE_NS_ASSERTIONS = NO;
				ENABLE_STRICT_OBJC_MSGSEND = YES;
				GCC_C_LANGUAGE_STANDARD = gnu99;
				GCC_NO_COMMON_BLOCKS = YES;
				GCC_WARN_64_TO_32_BIT_CONVERSION = YES;
				GCC_WARN_ABOUT_RETURN_TYPE = YES_ERROR;
				GCC_WARN_UNDECLARED_SELECTOR = YES;
				GCC_WARN_UNINITIALIZED_AUTOS = YES_AGGRESSIVE;
				GCC_WARN_UNUSED_FUNCTION = YES;
				GCC_WARN_UNUSED_VARIABLE = YES;
				IPHONEOS_DEPLOYMENT_TARGET = 15.1;
				LD_RUNPATH_SEARCH_PATHS = (
					/usr/lib/swift,
					"$(inherited)",
				);
				LIBRARY_SEARCH_PATHS = "$(SDKROOT)/usr/lib/swift\"$(inherited)\"";
				MTL_ENABLE_DEBUG_INFO = NO;
				OTHER_LDFLAGS = "$(inherited)  ";
				REACT_NATIVE_PATH = "${PODS_ROOT}/../../node_modules/react-native";
				SDKROOT = iphoneos;
				USE_HERMES = true;
				VALIDATE_PRODUCT = YES;
			};
			name = Release;
		};
		B085950E2E659EB500D7864D /* Debug */ = {
			isa = XCBuildConfiguration;
			buildSettings = {
				ASSETCATALOG_COMPILER_GENERATE_SWIFT_ASSET_SYMBOL_EXTENSIONS = YES;
				CLANG_ANALYZER_NONNULL = YES;
				CLANG_ANALYZER_NUMBER_OBJECT_CONVERSION = YES_AGGRESSIVE;
				CLANG_CXX_LANGUAGE_STANDARD = "gnu++20";
				CLANG_ENABLE_OBJC_WEAK = YES;
				CLANG_WARN_DOCUMENTATION_COMMENTS = YES;
				CLANG_WARN_QUOTED_INCLUDE_IN_FRAMEWORK_HEADER = YES;
				CLANG_WARN_UNGUARDED_AVAILABILITY = YES_AGGRESSIVE;
				CODE_SIGN_ENTITLEMENTS = ShareMedia/ShareMedia.entitlements;
				CODE_SIGN_IDENTITY = "Apple Development";
				CODE_SIGN_STYLE = Automatic;
				CURRENT_PROJECT_VERSION = 1;
				DEBUG_INFORMATION_FORMAT = dwarf;
				DEVELOPMENT_TEAM = 2742HV9XT2;
				ENABLE_USER_SCRIPT_SANDBOXING = YES;
				GCC_C_LANGUAGE_STANDARD = gnu17;
				GENERATE_INFOPLIST_FILE = YES;
				INFOPLIST_FILE = ShareMedia/Info.plist;
				INFOPLIST_KEY_CFBundleDisplayName = ShareMedia;
				INFOPLIST_KEY_NSHumanReadableCopyright = "";
				IPHONEOS_DEPLOYMENT_TARGET = 15.1;
				LD_RUNPATH_SEARCH_PATHS = (
					"$(inherited)",
					"@executable_path/Frameworks",
					"@executable_path/../../Frameworks",
				);
				LOCALIZATION_PREFERS_STRING_CATALOGS = YES;
				MARKETING_VERSION = 1.0;
				MTL_ENABLE_DEBUG_INFO = INCLUDE_SOURCE;
				MTL_FAST_MATH = YES;
				PRODUCT_BUNDLE_IDENTIFIER = com.blue10.Scanner.ShareMedia;
				PRODUCT_NAME = "$(TARGET_NAME)";
				SKIP_INSTALL = YES;
				SWIFT_ACTIVE_COMPILATION_CONDITIONS = "DEBUG $(inherited)";
				SWIFT_EMIT_LOC_STRINGS = YES;
				SWIFT_OPTIMIZATION_LEVEL = "-Onone";
				SWIFT_VERSION = 5.0;
				TARGETED_DEVICE_FAMILY = "1,2";
			};
			name = Debug;
		};
		B085950F2E659EB500D7864D /* Release */ = {
			isa = XCBuildConfiguration;
			buildSettings = {
				ASSETCATALOG_COMPILER_GENERATE_SWIFT_ASSET_SYMBOL_EXTENSIONS = YES;
				CLANG_ANALYZER_NONNULL = YES;
				CLANG_ANALYZER_NUMBER_OBJECT_CONVERSION = YES_AGGRESSIVE;
				CLANG_CXX_LANGUAGE_STANDARD = "gnu++20";
				CLANG_ENABLE_OBJC_WEAK = YES;
				CLANG_WARN_DOCUMENTATION_COMMENTS = YES;
				CLANG_WARN_QUOTED_INCLUDE_IN_FRAMEWORK_HEADER = YES;
				CLANG_WARN_UNGUARDED_AVAILABILITY = YES_AGGRESSIVE;
				CODE_SIGN_ENTITLEMENTS = ShareMedia/ShareMedia.entitlements;
				CODE_SIGN_IDENTITY = "Apple Development";
				CODE_SIGN_STYLE = Automatic;
				COPY_PHASE_STRIP = NO;
				CURRENT_PROJECT_VERSION = 1;
				DEBUG_INFORMATION_FORMAT = "dwarf-with-dsym";
				DEVELOPMENT_TEAM = 2742HV9XT2;
				ENABLE_USER_SCRIPT_SANDBOXING = YES;
				GCC_C_LANGUAGE_STANDARD = gnu17;
				GENERATE_INFOPLIST_FILE = YES;
				INFOPLIST_FILE = ShareMedia/Info.plist;
				INFOPLIST_KEY_CFBundleDisplayName = ShareMedia;
				INFOPLIST_KEY_NSHumanReadableCopyright = "";
				IPHONEOS_DEPLOYMENT_TARGET = 15.1;
				LD_RUNPATH_SEARCH_PATHS = (
					"$(inherited)",
					"@executable_path/Frameworks",
					"@executable_path/../../Frameworks",
				);
				LOCALIZATION_PREFERS_STRING_CATALOGS = YES;
				MARKETING_VERSION = 1.0;
				MTL_FAST_MATH = YES;
				PRODUCT_BUNDLE_IDENTIFIER = com.blue10.Scanner.ShareMedia;
				PRODUCT_NAME = "$(TARGET_NAME)";
				SKIP_INSTALL = YES;
				SWIFT_COMPILATION_MODE = wholemodule;
				SWIFT_EMIT_LOC_STRINGS = YES;
				SWIFT_VERSION = 5.0;
				TARGETED_DEVICE_FAMILY = "1,2";
			};
			name = Release;
		};
/* End XCBuildConfiguration section */

/* Begin XCConfigurationList section */
		13B07F931A680F5B00A75B9A /* Build configuration list for PBXNativeTarget "Blue10" */ = {
			isa = XCConfigurationList;
			buildConfigurations = (
				13B07F941A680F5B00A75B9A /* Debug */,
				13B07F951A680F5B00A75B9A /* Release */,
			);
			defaultConfigurationIsVisible = 0;
			defaultConfigurationName = Release;
		};
		83CBB9FA1A601CBA00E9B192 /* Build configuration list for PBXProject "Blue10" */ = {
			isa = XCConfigurationList;
			buildConfigurations = (
				83CBBA201A601CBA00E9B192 /* Debug */,
				83CBBA211A601CBA00E9B192 /* Release */,
			);
			defaultConfigurationIsVisible = 0;
			defaultConfigurationName = Release;
		};
		B08595112E659EB500D7864D /* Build configuration list for PBXNativeTarget "ShareMedia" */ = {
			isa = XCConfigurationList;
			buildConfigurations = (
				B085950E2E659EB500D7864D /* Debug */,
				B085950F2E659EB500D7864D /* Release */,
			);
			defaultConfigurationIsVisible = 0;
			defaultConfigurationName = Release;
		};
/* End XCConfigurationList section */
	};
	rootObject = 83CBB9F71A601CBA00E9B192 /* Project object */;
}
